
Microsoft Visual Studio Solution File, Format Version 12.00
# Visual Studio Version 17
VisualStudioVersion = 17.6.33815.320
MinimumVisualStudioVersion = 10.0.40219.1
Project("{FAE04EC0-301F-11D3-BF4B-00C04F79EFBC}") = "try 1", "try 1\try 1.csproj", "{3B25559C-2EFA-4790-A41A-D9C85552AEB4}"
EndProject
Global
	GlobalSection(SolutionConfigurationPlatforms) = preSolution
		Debug|Any CPU = Debug|Any CPU
		Release|Any CPU = Release|Any CPU
	EndGlobalSection
	GlobalSection(ProjectConfigurationPlatforms) = postSolution
		{3B25559C-2EFA-4790-A41A-D9C85552AEB4}.Debug|Any CPU.ActiveCfg = Debug|Any CPU
		{3B25559C-2EFA-4790-A41A-D9C85552AEB4}.Debug|Any CPU.Build.0 = Debug|Any CPU
		{3B25559C-2EFA-4790-A41A-D9C85552AEB4}.Release|Any CPU.ActiveCfg = Release|Any CPU
		{3B25559C-2EFA-4790-A41A-D9C85552AEB4}.Release|Any CPU.Build.0 = Release|Any CPU
	EndGlobalSection
	GlobalSection(SolutionProperties) = preSolution
		HideSolutionNode = FALSE
	EndGlobalSection
	GlobalSection(ExtensibilityGlobals) = postSolution
		SolutionGuid = {509BC85F-9953-4BFF-8197-741527FC59C4}
	EndGlobalSection
EndGlobal
